// !$*UTF8*$!
{
	archiveVersion = 1;
	classes = {
	};
	objectVersion = 51;
	objects = {

/* Begin PBXBuildFile section */
		6837033816B48E9ABD7C08AF /* Pods_VolleyStats.framework in Frameworks */ = {isa = PBXBuildFile; fileRef = 57DF4EA3D6599A4ADEDF009D /* Pods_VolleyStats.framework */; };
		CD0AA90D2469102400654702 /* CustomButton.swift in Sources */ = {isa = PBXBuildFile; fileRef = CD0AA90C2469102400654702 /* CustomButton.swift */; };
		CD0AA90F2469215500654702 /* TeamListViewController.swift in Sources */ = {isa = PBXBuildFile; fileRef = CD0AA90E2469215500654702 /* TeamListViewController.swift */; };
		CD0AA91124694BBB00654702 /* StatRecorderViewController.swift in Sources */ = {isa = PBXBuildFile; fileRef = CD0AA91024694BBB00654702 /* StatRecorderViewController.swift */; };
		CD0AA9132469FC1B00654702 /* StatisticalViewController.swift in Sources */ = {isa = PBXBuildFile; fileRef = CD0AA9122469FC1B00654702 /* StatisticalViewController.swift */; };
		CD4077B924626A1400B75147 /* GoogleService-Info.plist in Resources */ = {isa = PBXBuildFile; fileRef = CD4077B824626A1400B75147 /* GoogleService-Info.plist */; };
		CD4077BD246288A000B75147 /* Constants.swift in Sources */ = {isa = PBXBuildFile; fileRef = CD4077BC246288A000B75147 /* Constants.swift */; };
		CD4077BF2462896300B75147 /* HomepageViewController.swift in Sources */ = {isa = PBXBuildFile; fileRef = CD4077BE2462896300B75147 /* HomepageViewController.swift */; };
		CD5251F12468A5F90077F5D3 /* TeamManagerViewController.swift in Sources */ = {isa = PBXBuildFile; fileRef = CD5251F02468A5F90077F5D3 /* TeamManagerViewController.swift */; };
		CD8174AD24635CBC006B68CB /* Team.swift in Sources */ = {isa = PBXBuildFile; fileRef = CD8174AC24635CBC006B68CB /* Team.swift */; };
		CD8174AF24635D80006B68CB /* Player.swift in Sources */ = {isa = PBXBuildFile; fileRef = CD8174AE24635D80006B68CB /* Player.swift */; };
		CDB4E431245FCEF00052E311 /* AppDelegate.swift in Sources */ = {isa = PBXBuildFile; fileRef = CDB4E430245FCEF00052E311 /* AppDelegate.swift */; };
		CDB4E433245FCEF00052E311 /* SceneDelegate.swift in Sources */ = {isa = PBXBuildFile; fileRef = CDB4E432245FCEF00052E311 /* SceneDelegate.swift */; };
		CDB4E435245FCEF00052E311 /* ViewController.swift in Sources */ = {isa = PBXBuildFile; fileRef = CDB4E434245FCEF00052E311 /* ViewController.swift */; };
		CDB4E438245FCEF00052E311 /* Main.storyboard in Resources */ = {isa = PBXBuildFile; fileRef = CDB4E436245FCEF00052E311 /* Main.storyboard */; };
		CDB4E43A245FCEF20052E311 /* Assets.xcassets in Resources */ = {isa = PBXBuildFile; fileRef = CDB4E439245FCEF20052E311 /* Assets.xcassets */; };
		CDB4E43D245FCEF20052E311 /* LaunchScreen.storyboard in Resources */ = {isa = PBXBuildFile; fileRef = CDB4E43B245FCEF20052E311 /* LaunchScreen.storyboard */; };
		CDB4E447245FCF560052E311 /* LogInViewController.swift in Sources */ = {isa = PBXBuildFile; fileRef = CDB4E446245FCF560052E311 /* LogInViewController.swift */; };
		CDB4E449245FCF690052E311 /* SignUpViewController.swift in Sources */ = {isa = PBXBuildFile; fileRef = CDB4E448245FCF690052E311 /* SignUpViewController.swift */; };
		CDB4E44B245FCF8D0052E311 /* HomeViewController.swift in Sources */ = {isa = PBXBuildFile; fileRef = CDB4E44A245FCF8D0052E311 /* HomeViewController.swift */; };
		CDB4E44E245FD0B30052E311 /* Wash Your Hand.ttf in Resources */ = {isa = PBXBuildFile; fileRef = CDB4E44D245FD0B30052E311 /* Wash Your Hand.ttf */; };
/* End PBXBuildFile section */

/* Begin PBXFileReference section */
		57DF4EA3D6599A4ADEDF009D /* Pods_VolleyStats.framework */ = {isa = PBXFileReference; explicitFileType = wrapper.framework; includeInIndex = 0; path = Pods_VolleyStats.framework; sourceTree = BUILT_PRODUCTS_DIR; };
		CD0AA90C2469102400654702 /* CustomButton.swift */ = {isa = PBXFileReference; fileEncoding = 4; lastKnownFileType = sourcecode.swift; path = CustomButton.swift; sourceTree = "<group>"; };
		CD0AA90E2469215500654702 /* TeamListViewController.swift */ = {isa = PBXFileReference; lastKnownFileType = sourcecode.swift; path = TeamListViewController.swift; sourceTree = "<group>"; };
		CD0AA91024694BBB00654702 /* StatRecorderViewController.swift */ = {isa = PBXFileReference; lastKnownFileType = sourcecode.swift; path = StatRecorderViewController.swift; sourceTree = "<group>"; };
		CD0AA9122469FC1B00654702 /* StatisticalViewController.swift */ = {isa = PBXFileReference; lastKnownFileType = sourcecode.swift; path = StatisticalViewController.swift; sourceTree = "<group>"; };
		CD4077B824626A1400B75147 /* GoogleService-Info.plist */ = {isa = PBXFileReference; fileEncoding = 4; lastKnownFileType = text.plist.xml; path = "GoogleService-Info.plist"; sourceTree = "<group>"; };
		CD4077BC246288A000B75147 /* Constants.swift */ = {isa = PBXFileReference; lastKnownFileType = sourcecode.swift; path = Constants.swift; sourceTree = "<group>"; };
		CD4077BE2462896300B75147 /* HomepageViewController.swift */ = {isa = PBXFileReference; lastKnownFileType = sourcecode.swift; path = HomepageViewController.swift; sourceTree = "<group>"; };
		CD5251F02468A5F90077F5D3 /* TeamManagerViewController.swift */ = {isa = PBXFileReference; lastKnownFileType = sourcecode.swift; path = TeamManagerViewController.swift; sourceTree = "<group>"; };
		CD8174AC24635CBC006B68CB /* Team.swift */ = {isa = PBXFileReference; lastKnownFileType = sourcecode.swift; path = Team.swift; sourceTree = "<group>"; };
		CD8174AE24635D80006B68CB /* Player.swift */ = {isa = PBXFileReference; lastKnownFileType = sourcecode.swift; path = Player.swift; sourceTree = "<group>"; };
		CDB4E42D245FCEF00052E311 /* VolleyStats.app */ = {isa = PBXFileReference; explicitFileType = wrapper.application; includeInIndex = 0; path = VolleyStats.app; sourceTree = BUILT_PRODUCTS_DIR; };
		CDB4E430245FCEF00052E311 /* AppDelegate.swift */ = {isa = PBXFileReference; lastKnownFileType = sourcecode.swift; path = AppDelegate.swift; sourceTree = "<group>"; };
		CDB4E432245FCEF00052E311 /* SceneDelegate.swift */ = {isa = PBXFileReference; lastKnownFileType = sourcecode.swift; path = SceneDelegate.swift; sourceTree = "<group>"; };
		CDB4E434245FCEF00052E311 /* ViewController.swift */ = {isa = PBXFileReference; lastKnownFileType = sourcecode.swift; path = ViewController.swift; sourceTree = "<group>"; };
		CDB4E437245FCEF00052E311 /* Base */ = {isa = PBXFileReference; lastKnownFileType = file.storyboard; name = Base; path = Base.lproj/Main.storyboard; sourceTree = "<group>"; };
		CDB4E439245FCEF20052E311 /* Assets.xcassets */ = {isa = PBXFileReference; lastKnownFileType = folder.assetcatalog; path = Assets.xcassets; sourceTree = "<group>"; };
		CDB4E43C245FCEF20052E311 /* Base */ = {isa = PBXFileReference; lastKnownFileType = file.storyboard; name = Base; path = Base.lproj/LaunchScreen.storyboard; sourceTree = "<group>"; };
		CDB4E43E245FCEF20052E311 /* Info.plist */ = {isa = PBXFileReference; lastKnownFileType = text.plist.xml; path = Info.plist; sourceTree = "<group>"; };
		CDB4E446245FCF560052E311 /* LogInViewController.swift */ = {isa = PBXFileReference; lastKnownFileType = sourcecode.swift; path = LogInViewController.swift; sourceTree = "<group>"; };
		CDB4E448245FCF690052E311 /* SignUpViewController.swift */ = {isa = PBXFileReference; lastKnownFileType = sourcecode.swift; path = SignUpViewController.swift; sourceTree = "<group>"; };
		CDB4E44A245FCF8D0052E311 /* HomeViewController.swift */ = {isa = PBXFileReference; lastKnownFileType = sourcecode.swift; path = HomeViewController.swift; sourceTree = "<group>"; };
		CDB4E44D245FD0B30052E311 /* Wash Your Hand.ttf */ = {isa = PBXFileReference; lastKnownFileType = file; name = "Wash Your Hand.ttf"; path = "../../../../Downloads/wash_your_hand/Wash Your Hand.ttf"; sourceTree = "<group>"; };
		EC2BDC85345547CA2D693591 /* Pods-VolleyStats.debug.xcconfig */ = {isa = PBXFileReference; includeInIndex = 1; lastKnownFileType = text.xcconfig; name = "Pods-VolleyStats.debug.xcconfig"; path = "Target Support Files/Pods-VolleyStats/Pods-VolleyStats.debug.xcconfig"; sourceTree = "<group>"; };
		F4E60CB8B623DBE83C06450F /* Pods-VolleyStats.release.xcconfig */ = {isa = PBXFileReference; includeInIndex = 1; lastKnownFileType = text.xcconfig; name = "Pods-VolleyStats.release.xcconfig"; path = "Target Support Files/Pods-VolleyStats/Pods-VolleyStats.release.xcconfig"; sourceTree = "<group>"; };
/* End PBXFileReference section */

/* Begin PBXFrameworksBuildPhase section */
		CDB4E42A245FCEF00052E311 /* Frameworks */ = {
			isa = PBXFrameworksBuildPhase;
			buildActionMask = 2147483647;
			files = (
				6837033816B48E9ABD7C08AF /* Pods_VolleyStats.framework in Frameworks */,
			);
			runOnlyForDeploymentPostprocessing = 0;
		};
/* End PBXFrameworksBuildPhase section */

/* Begin PBXGroup section */
		49A211658C8CEDDF5FE5228C /* Pods */ = {
			isa = PBXGroup;
			children = (
				EC2BDC85345547CA2D693591 /* Pods-VolleyStats.debug.xcconfig */,
				F4E60CB8B623DBE83C06450F /* Pods-VolleyStats.release.xcconfig */,
			);
			path = Pods;
			sourceTree = "<group>";
		};
		CD4077BA2462708100B75147 /* ViewControllers */ = {
			isa = PBXGroup;
			children = (
				CDB4E434245FCEF00052E311 /* ViewController.swift */,
				CDB4E446245FCF560052E311 /* LogInViewController.swift */,
				CDB4E44A245FCF8D0052E311 /* HomeViewController.swift */,
				CDB4E448245FCF690052E311 /* SignUpViewController.swift */,
				CD4077BE2462896300B75147 /* HomepageViewController.swift */,
				CD5251F02468A5F90077F5D3 /* TeamManagerViewController.swift */,
				CD0AA90E2469215500654702 /* TeamListViewController.swift */,
				CD0AA91024694BBB00654702 /* StatRecorderViewController.swift */,
				CD0AA9122469FC1B00654702 /* StatisticalViewController.swift */,
			);
			path = ViewControllers;
			sourceTree = "<group>";
		};
		CD4077BB2462887D00B75147 /* Helpers */ = {
			isa = PBXGroup;
			children = (
				CD4077BC246288A000B75147 /* Constants.swift */,
				CD8174AC24635CBC006B68CB /* Team.swift */,
				CD8174AE24635D80006B68CB /* Player.swift */,
				CD0AA90C2469102400654702 /* CustomButton.swift */,
			);
			path = Helpers;
			sourceTree = "<group>";
		};
		CDB4E424245FCEF00052E311 = {
			isa = PBXGroup;
			children = (
				CDB4E42F245FCEF00052E311 /* VolleyStats */,
				CDB4E42E245FCEF00052E311 /* Products */,
				49A211658C8CEDDF5FE5228C /* Pods */,
				D71C35A99447F69905016490 /* Frameworks */,
			);
			sourceTree = "<group>";
		};
		CDB4E42E245FCEF00052E311 /* Products */ = {
			isa = PBXGroup;
			children = (
				CDB4E42D245FCEF00052E311 /* VolleyStats.app */,
			);
			name = Products;
			sourceTree = "<group>";
		};
		CDB4E42F245FCEF00052E311 /* VolleyStats */ = {
			isa = PBXGroup;
			children = (
				CD4077BB2462887D00B75147 /* Helpers */,
				CD4077BA2462708100B75147 /* ViewControllers */,
				CDB4E430245FCEF00052E311 /* AppDelegate.swift */,
				CDB4E432245FCEF00052E311 /* SceneDelegate.swift */,
				CDB4E436245FCEF00052E311 /* Main.storyboard */,
				CDB4E44D245FD0B30052E311 /* Wash Your Hand.ttf */,
				CDB4E439245FCEF20052E311 /* Assets.xcassets */,
				CDB4E43B245FCEF20052E311 /* LaunchScreen.storyboard */,
				CDB4E43E245FCEF20052E311 /* Info.plist */,
				CD4077B824626A1400B75147 /* GoogleService-Info.plist */,
			);
			path = VolleyStats;
			sourceTree = "<group>";
		};
		D71C35A99447F69905016490 /* Frameworks */ = {
			isa = PBXGroup;
			children = (
				57DF4EA3D6599A4ADEDF009D /* Pods_VolleyStats.framework */,
			);
			name = Frameworks;
			sourceTree = "<group>";
		};
/* End PBXGroup section */

/* Begin PBXNativeTarget section */
		CDB4E42C245FCEF00052E311 /* VolleyStats */ = {
			isa = PBXNativeTarget;
			buildConfigurationList = CDB4E441245FCEF20052E311 /* Build configuration list for PBXNativeTarget "VolleyStats" */;
			buildPhases = (
				95BE4B39516D3AF33BE40973 /* [CP] Check Pods Manifest.lock */,
				CDB4E429245FCEF00052E311 /* Sources */,
				CDB4E42A245FCEF00052E311 /* Frameworks */,
				CDB4E42B245FCEF00052E311 /* Resources */,
				228E0C0980CFD9AEC54D0859 /* [CP] Embed Pods Frameworks */,
			);
			buildRules = (
			);
			dependencies = (
			);
			name = VolleyStats;
			productName = VolleyStats;
			productReference = CDB4E42D245FCEF00052E311 /* VolleyStats.app */;
			productType = "com.apple.product-type.application";
		};
/* End PBXNativeTarget section */

/* Begin PBXProject section */
		CDB4E425245FCEF00052E311 /* Project object */ = {
			isa = PBXProject;
			attributes = {
				LastSwiftUpdateCheck = 1140;
				LastUpgradeCheck = 1140;
				ORGANIZATIONNAME = "Sartaj Singh";
				TargetAttributes = {
					CDB4E42C245FCEF00052E311 = {
						CreatedOnToolsVersion = 11.4.1;
					};
				};
			};
			buildConfigurationList = CDB4E428245FCEF00052E311 /* Build configuration list for PBXProject "VolleyStats" */;
			compatibilityVersion = "Xcode 9.3";
			developmentRegion = en;
			hasScannedForEncodings = 0;
			knownRegions = (
				en,
				Base,
			);
			mainGroup = CDB4E424245FCEF00052E311;
			productRefGroup = CDB4E42E245FCEF00052E311 /* Products */;
			projectDirPath = "";
			projectRoot = "";
			targets = (
				CDB4E42C245FCEF00052E311 /* VolleyStats */,
			);
		};
/* End PBXProject section */

/* Begin PBXResourcesBuildPhase section */
		CDB4E42B245FCEF00052E311 /* Resources */ = {
			isa = PBXResourcesBuildPhase;
			buildActionMask = 2147483647;
			files = (
				CDB4E43D245FCEF20052E311 /* LaunchScreen.storyboard in Resources */,
				CDB4E43A245FCEF20052E311 /* Assets.xcassets in Resources */,
				CD4077B924626A1400B75147 /* GoogleService-Info.plist in Resources */,
				CDB4E438245FCEF00052E311 /* Main.storyboard in Resources */,
				CDB4E44E245FD0B30052E311 /* Wash Your Hand.ttf in Resources */,
			);
			runOnlyForDeploymentPostprocessing = 0;
		};
/* End PBXResourcesBuildPhase section */

/* Begin PBXShellScriptBuildPhase section */
		228E0C0980CFD9AEC54D0859 /* [CP] Embed Pods Frameworks */ = {
			isa = PBXShellScriptBuildPhase;
			buildActionMask = 2147483647;
			files = (
			);
			inputFileListPaths = (
				"${PODS_ROOT}/Target Support Files/Pods-VolleyStats/Pods-VolleyStats-frameworks-${CONFIGURATION}-input-files.xcfilelist",
			);
			name = "[CP] Embed Pods Frameworks";
			outputFileListPaths = (
				"${PODS_ROOT}/Target Support Files/Pods-VolleyStats/Pods-VolleyStats-frameworks-${CONFIGURATION}-output-files.xcfilelist",
			);
			runOnlyForDeploymentPostprocessing = 0;
			shellPath = /bin/sh;
			shellScript = "\"${PODS_ROOT}/Target Support Files/Pods-VolleyStats/Pods-VolleyStats-frameworks.sh\"\n";
			showEnvVarsInLog = 0;
		};
		95BE4B39516D3AF33BE40973 /* [CP] Check Pods Manifest.lock */ = {
			isa = PBXShellScriptBuildPhase;
			buildActionMask = 2147483647;
			files = (
			);
			inputFileListPaths = (
			);
			inputPaths = (
				"${PODS_PODFILE_DIR_PATH}/Podfile.lock",
				"${PODS_ROOT}/Manifest.lock",
			);
			name = "[CP] Check Pods Manifest.lock";
			outputFileListPaths = (
			);
			outputPaths = (
				"$(DERIVED_FILE_DIR)/Pods-VolleyStats-checkManifestLockResult.txt",
			);
			runOnlyForDeploymentPostprocessing = 0;
			shellPath = /bin/sh;
			shellScript = "diff \"${PODS_PODFILE_DIR_PATH}/Podfile.lock\" \"${PODS_ROOT}/Manifest.lock\" > /dev/null\nif [ $? != 0 ] ; then\n    # print error to STDERR\n    echo \"error: The sandbox is not in sync with the Podfile.lock. Run 'pod install' or update your CocoaPods installation.\" >&2\n    exit 1\nfi\n# This output is used by Xcode 'outputs' to avoid re-running this script phase.\necho \"SUCCESS\" > \"${SCRIPT_OUTPUT_FILE_0}\"\n";
			showEnvVarsInLog = 0;
		};
/* End PBXShellScriptBuildPhase section */

/* Begin PBXSourcesBuildPhase section */
		CDB4E429245FCEF00052E311 /* Sources */ = {
			isa = PBXSourcesBuildPhase;
			buildActionMask = 2147483647;
			files = (
				CD8174AD24635CBC006B68CB /* Team.swift in Sources */,
				CDB4E435245FCEF00052E311 /* ViewController.swift in Sources */,
				CD0AA90F2469215500654702 /* TeamListViewController.swift in Sources */,
				CDB4E431245FCEF00052E311 /* AppDelegate.swift in Sources */,
				CDB4E433245FCEF00052E311 /* SceneDelegate.swift in Sources */,
				CDB4E447245FCF560052E311 /* LogInViewController.swift in Sources */,
				CD0AA9132469FC1B00654702 /* StatisticalViewController.swift in Sources */,
				CD0AA91124694BBB00654702 /* StatRecorderViewController.swift in Sources */,
				CD4077BF2462896300B75147 /* HomepageViewController.swift in Sources */,
				CD4077BD246288A000B75147 /* Constants.swift in Sources */,
				CD5251F12468A5F90077F5D3 /* TeamManagerViewController.swift in Sources */,
				CD0AA90D2469102400654702 /* CustomButton.swift in Sources */,
				CDB4E449245FCF690052E311 /* SignUpViewController.swift in Sources */,
				CD8174AF24635D80006B68CB /* Player.swift in Sources */,
				CDB4E44B245FCF8D0052E311 /* HomeViewController.swift in Sources */,
			);
			runOnlyForDeploymentPostprocessing = 0;
		};
/* End PBXSourcesBuildPhase section */

/* Begin PBXVariantGroup section */
		CDB4E436245FCEF00052E311 /* Main.storyboard */ = {
			isa = PBXVariantGroup;
			children = (
				CDB4E437245FCEF00052E311 /* Base */,
			);
			name = Main.storyboard;
			sourceTree = "<group>";
		};
		CDB4E43B245FCEF20052E311 /* LaunchScreen.storyboard */ = {
			isa = PBXVariantGroup;
			children = (
				CDB4E43C245FCEF20052E311 /* Base */,
			);
			name = LaunchScreen.storyboard;
			sourceTree = "<group>";
		};
/* End PBXVariantGroup section */

/* Begin XCBuildConfiguration section */
		CDB4E43F245FCEF20052E311 /* Debug */ = {
			isa = XCBuildConfiguration;
			buildSettings = {
				ALWAYS_SEARCH_USER_PATHS = NO;
				CLANG_ANALYZER_NONNULL = YES;
				CLANG_ANALYZER_NUMBER_OBJECT_CONVERSION = YES_AGGRESSIVE;
				CLANG_CXX_LANGUAGE_STANDARD = "gnu++14";
				CLANG_CXX_LIBRARY = "libc++";
				CLANG_ENABLE_MODULES = YES;
				CLANG_ENABLE_OBJC_ARC = YES;
				CLANG_ENABLE_OBJC_WEAK = YES;
				CLANG_WARN_BLOCK_CAPTURE_AUTORELEASING = YES;
				CLANG_WARN_BOOL_CONVERSION = YES;
				CLANG_WARN_COMMA = YES;
				CLANG_WARN_CONSTANT_CONVERSION = YES;
				CLANG_WARN_DEPRECATED_OBJC_IMPLEMENTATIONS = YES;
				CLANG_WARN_DIRECT_OBJC_ISA_USAGE = YES_ERROR;
				CLANG_WARN_DOCUMENTATION_COMMENTS = YES;
				CLANG_WARN_EMPTY_BODY = YES;
				CLANG_WARN_ENUM_CONVERSION = YES;
				CLANG_WARN_INFINITE_RECURSION = YES;
				CLANG_WARN_INT_CONVERSION = YES;
				CLANG_WARN_NON_LITERAL_NULL_CONVERSION = YES;
				CLANG_WARN_OBJC_IMPLICIT_RETAIN_SELF = YES;
				CLANG_WARN_OBJC_LITERAL_CONVERSION = YES;
				CLANG_WARN_OBJC_ROOT_CLASS = YES_ERROR;
				CLANG_WARN_RANGE_LOOP_ANALYSIS = YES;
				CLANG_WARN_STRICT_PROTOTYPES = YES;
				CLANG_WARN_SUSPICIOUS_MOVE = YES;
				CLANG_WARN_UNGUARDED_AVAILABILITY = YES_AGGRESSIVE;
				CLANG_WARN_UNREACHABLE_CODE = YES;
				CLANG_WARN__DUPLICATE_METHOD_MATCH = YES;
				COPY_PHASE_STRIP = NO;
				DEBUG_INFORMATION_FORMAT = dwarf;
				ENABLE_STRICT_OBJC_MSGSEND = YES;
				ENABLE_TESTABILITY = YES;
				GCC_C_LANGUAGE_STANDARD = gnu11;
				GCC_DYNAMIC_NO_PIC = NO;
				GCC_NO_COMMON_BLOCKS = YES;
				GCC_OPTIMIZATION_LEVEL = 0;
				GCC_PREPROCESSOR_DEFINITIONS = (
					"DEBUG=1",
					"$(inherited)",
				);
				GCC_WARN_64_TO_32_BIT_CONVERSION = YES;
				GCC_WARN_ABOUT_RETURN_TYPE = YES_ERROR;
				GCC_WARN_UNDECLARED_SELECTOR = YES;
				GCC_WARN_UNINITIALIZED_AUTOS = YES_AGGRESSIVE;
				GCC_WARN_UNUSED_FUNCTION = YES;
				GCC_WARN_UNUSED_VARIABLE = YES;
				IPHONEOS_DEPLOYMENT_TARGET = 13.4;
				MTL_ENABLE_DEBUG_INFO = INCLUDE_SOURCE;
				MTL_FAST_MATH = YES;
				ONLY_ACTIVE_ARCH = YES;
				SDKROOT = iphoneos;
				SWIFT_ACTIVE_COMPILATION_CONDITIONS = DEBUG;
				SWIFT_OPTIMIZATION_LEVEL = "-Onone";
			};
			name = Debug;
		};
		CDB4E440245FCEF20052E311 /* Release */ = {
			isa = XCBuildConfiguration;
			buildSettings = {
				ALWAYS_SEARCH_USER_PATHS = NO;
				CLANG_ANALYZER_NONNULL = YES;
				CLANG_ANALYZER_NUMBER_OBJECT_CONVERSION = YES_AGGRESSIVE;
				CLANG_CXX_LANGUAGE_STANDARD = "gnu++14";
				CLANG_CXX_LIBRARY = "libc++";
				CLANG_ENABLE_MODULES = YES;
				CLANG_ENABLE_OBJC_ARC = YES;
				CLANG_ENABLE_OBJC_WEAK = YES;
				CLANG_WARN_BLOCK_CAPTURE_AUTORELEASING = YES;
				CLANG_WARN_BOOL_CONVERSION = YES;
				CLANG_WARN_COMMA = YES;
				CLANG_WARN_CONSTANT_CONVERSION = YES;
				CLANG_WARN_DEPRECATED_OBJC_IMPLEMENTATIONS = YES;
				CLANG_WARN_DIRECT_OBJC_ISA_USAGE = YES_ERROR;
				CLANG_WARN_DOCUMENTATION_COMMENTS = YES;
				CLANG_WARN_EMPTY_BODY = YES;
				CLANG_WARN_ENUM_CONVERSION = YES;
				CLANG_WARN_INFINITE_RECURSION = YES;
				CLANG_WARN_INT_CONVERSION = YES;
				CLANG_WARN_NON_LITERAL_NULL_CONVERSION = YES;
				CLANG_WARN_OBJC_IMPLICIT_RETAIN_SELF = YES;
				CLANG_WARN_OBJC_LITERAL_CONVERSION = YES;
				CLANG_WARN_OBJC_ROOT_CLASS = YES_ERROR;
				CLANG_WARN_RANGE_LOOP_ANALYSIS = YES;
				CLANG_WARN_STRICT_PROTOTYPES = YES;
				CLANG_WARN_SUSPICIOUS_MOVE = YES;
				CLANG_WARN_UNGUARDED_AVAILABILITY = YES_AGGRESSIVE;
				CLANG_WARN_UNREACHABLE_CODE = YES;
				CLANG_WARN__DUPLICATE_METHOD_MATCH = YES;
				COPY_PHASE_STRIP = NO;
				DEBUG_INFORMATION_FORMAT = "dwarf-with-dsym";
				ENABLE_NS_ASSERTIONS = NO;
				ENABLE_STRICT_OBJC_MSGSEND = YES;
				GCC_C_LANGUAGE_STANDARD = gnu11;
				GCC_NO_COMMON_BLOCKS = YES;
				GCC_WARN_64_TO_32_BIT_CONVERSION = YES;
				GCC_WARN_ABOUT_RETURN_TYPE = YES_ERROR;
				GCC_WARN_UNDECLARED_SELECTOR = YES;
				GCC_WARN_UNINITIALIZED_AUTOS = YES_AGGRESSIVE;
				GCC_WARN_UNUSED_FUNCTION = YES;
				GCC_WARN_UNUSED_VARIABLE = YES;
				IPHONEOS_DEPLOYMENT_TARGET = 13.4;
				MTL_ENABLE_DEBUG_INFO = NO;
				MTL_FAST_MATH = YES;
				SDKROOT = iphoneos;
				SWIFT_COMPILATION_MODE = wholemodule;
				SWIFT_OPTIMIZATION_LEVEL = "-O";
				VALIDATE_PRODUCT = YES;
			};
			name = Release;
		};
		CDB4E442245FCEF20052E311 /* Debug */ = {
			isa = XCBuildConfiguration;
			baseConfigurationReference = EC2BDC85345547CA2D693591 /* Pods-VolleyStats.debug.xcconfig */;
			buildSettings = {
				ASSETCATALOG_COMPILER_APPICON_NAME = AppIcon;
				CODE_SIGN_STYLE = Automatic;
				INFOPLIST_FILE = VolleyStats/Info.plist;
				LD_RUNPATH_SEARCH_PATHS = (
					"$(inherited)",
					"@executable_path/Frameworks",
				);
				PRODUCT_BUNDLE_IDENTIFIER = com.volleyfy.VolleyStats;
				PRODUCT_NAME = "$(TARGET_NAME)";
				SWIFT_VERSION = 5.0;
				TARGETED_DEVICE_FAMILY = "1,2";
			};
			name = Debug;
		};
		CDB4E443245FCEF20052E311 /* Release */ = {
			isa = XCBuildConfiguration;
			baseConfigurationReference = F4E60CB8B623DBE83C06450F /* Pods-VolleyStats.release.xcconfig */;
			buildSettings = {
				ASSETCATALOG_COMPILER_APPICON_NAME = AppIcon;
				CODE_SIGN_STYLE = Automatic;
				INFOPLIST_FILE = VolleyStats/Info.plist;
				LD_RUNPATH_SEARCH_PATHS = (
					"$(inherited)",
					"@executable_path/Frameworks",
				);
				PRODUCT_BUNDLE_IDENTIFIER = com.volleyfy.VolleyStats;
				PRODUCT_NAME = "$(TARGET_NAME)";
				SWIFT_VERSION = 5.0;
				TARGETED_DEVICE_FAMILY = "1,2";
			};
			name = Release;
		};
/* End XCBuildConfiguration section */

/* Begin XCConfigurationList section */
		CDB4E428245FCEF00052E311 /* Build configuration list for PBXProject "VolleyStats" */ = {
			isa = XCConfigurationList;
			buildConfigurations = (
				CDB4E43F245FCEF20052E311 /* Debug */,
				CDB4E440245FCEF20052E311 /* Release */,
			);
			defaultConfigurationIsVisible = 0;
			defaultConfigurationName = Release;
		};
		CDB4E441245FCEF20052E311 /* Build configuration list for PBXNativeTarget "VolleyStats" */ = {
			isa = XCConfigurationList;
			buildConfigurations = (
				CDB4E442245FCEF20052E311 /* Debug */,
				CDB4E443245FCEF20052E311 /* Release */,
			);
			defaultConfigurationIsVisible = 0;
			defaultConfigurationName = Release;
		};
/* End XCConfigurationList section */
	};
	rootObject = CDB4E425245FCEF00052E311 /* Project object */;
}
